# THIS IS AN AUTOGENERATED FILE. DO NOT EDIT THIS FILE DIRECTLY.
# yarn lockfile v1


"@cfworker/json-schema@^4.0.2":
  version "4.1.1"
  resolved "https://registry.yarnpkg.com/@cfworker/json-schema/-/json-schema-4.1.1.tgz#4a2a3947ee9fa7b7c24be981422831b8674c3be6"
  integrity sha512-gAmrUZSGtKc3AiBL71iNWxDsyUC5uMaKKGdvzYsBoTW/xi42JQHl7eKV2OYzCUqvc+D2RCcf7EXY2iCyFIk6og==

"@langchain/classic@^1.0.27":
  version "1.0.38"
  resolved "https://registry.yarnpkg.com/@langchain/classic/-/classic-1.0.38.tgz#1532c2cec2f261cb503ac815ec931c444f559be4"
  integrity sha512-N9ct86fyAD1wmr0EVVjHNEP30wUp5Hciyqv6fQKXgYEuaT3yc3q3SelZxP8V8MfkEMRCdpRaOc/6608TGmGkng==
  dependencies:
    "@langchain/openai" "1.5.3"
    "@langchain/textsplitters" "1.0.1"
    handlebars "^4.7.9"
    js-yaml "^4.2.0"
    jsonpointer "^5.0.1"
    openapi-types "^12.1.3"
    yaml "^2.9.0"
    zod "^3.25.76 || ^4"
  optionalDependencies:
    langsmith ">=0.4.0 <1.0.0"

"@langchain/community@^1.1.29":
  version "1.1.29"
  resolved "https://registry.yarnpkg.com/@langchain/community/-/community-1.1.29.tgz#b4570301b7080e51594eaaa48d3465ed465d0220"
  integrity sha512-eJbE0IARueEg+Lljk7SIGGeiSnu5u0mcT0MPIF7UG6jYPNXOpSebwiXsS3aIKOyJZSj0DlmBPv7q0hkLrxDtHA==
  dependencies:
    "@langchain/classic" "^1.0.27"
    "@langchain/openai" "^1.4.1"
    binary-extensions "^2.2.0"
    flat "^5.0.2"
    js-yaml "^4.1.1"
    langsmith ">=0.4.0 <1.0.0"
    math-expression-evaluator "^2.0.0"
    uuid "^14.0.0"
    zod "^3.25.76 || ^4"

"@langchain/core@^1.2.1":
  version "1.2.1"
  resolved "https://registry.yarnpkg.com/@langchain/core/-/core-1.2.1.tgz#46751258ee56a6ae47ae578eba7928d3995d11ed"
  integrity sha512-NNG/cC5FGuHDOAP56h0ddp8Rfk8p+othWzEK5RV9JIG6RvnF5vGa5r0AEGtKfQieed7s1kC42GuIzVOBvMBL/g==
  dependencies:
    "@cfworker/json-schema" "^4.0.2"
    "@standard-schema/spec" "^1.1.0"
    js-tiktoken "^1.0.12"
    langsmith ">=0.5.0 <1.0.0"
    mustache "^4.2.0"
    p-queue "^6.6.2"
    zod "^3.25.76 || ^4"

"@langchain/openai@1.5.3", "@langchain/openai@^1.4.1":
  version "1.5.3"
  resolved "https://registry.yarnpkg.com/@langchain/openai/-/openai-1.5.3.tgz#49b9a1cf25354ad3dde70905978a7f6da602724d"
  integrity sha512-OStS2AUvy9oe/hEf/3ndBOFztUDOfuJYLNXh89m3iiJAI2Cp5Dp0n/pvpO27MO0b+VgENd+xSHVyQZ7fe+ulxg==
  dependencies:
    js-tiktoken "^1.0.12"
    openai "^6.41.0"
    zod "^3.25.76 || ^4"

"@langchain/textsplitters@1.0.1":
  version "1.0.1"
  resolved "https://registry.yarnpkg.com/@langchain/textsplitters/-/textsplitters-1.0.1.tgz#292f9c93239178c248b3338acf7b68aa47aa9830"
  integrity sha512-rheJlB01iVtrOUzttscutRgLybPH9qR79EyzBEbf1u97ljWyuxQfCwIWK+SjoQTM9O8M7GGLLRBSYE26Jmcoww==
  dependencies:
    js-tiktoken "^1.0.12"

"@standard-schema/spec@^1.1.0":
  version "1.1.0"
  resolved "https://registry.yarnpkg.com/@standard-schema/spec/-/spec-1.1.0.tgz#a79b55dbaf8604812f52d140b2c9ab41bc150bb8"
  integrity sha512-l2aFy5jALhniG5HgqrD6jXLi/rUWrKvqN/qJx6yoJsgKhblVd+iqqU4RCXavm/jPityDo5TCvKMnpjKnOriy0w==

argparse@^2.0.1:
  version "2.0.1"
  resolved "https://registry.yarnpkg.com/argparse/-/argparse-2.0.1.tgz#246f50f3ca78a3240f6c997e8a9bd1eac49e4b38"
  integrity sha512-8+9WqebbFzpX9OR+Wa6O29asIogeRMzcGtAINdpMHHyAg10f05aSFVBbcEqGf/PXw1EjAZ+q2/bEBg3DvurK3Q==

base64-js@^1.5.1:
  version "1.5.1"
  resolved "https://registry.yarnpkg.com/base64-js/-/base64-js-1.5.1.tgz#1b1b440160a5bf7ad40b650f095963481903930a"
  integrity sha512-AKpaYlHn8t4SVbOHCy+b5+KKgvR4vrsD8vbvrbiQJps7fKDTkjkDry6ji0rUJjC0kzbNePLwzxq8iypo41qeWA==

binary-extensions@^2.2.0:
  version "2.3.0"
  resolved "https://registry.yarnpkg.com/binary-extensions/-/binary-extensions-2.3.0.tgz#f6e14a97858d327252200242d4ccfe522c445522"
  integrity sha512-Ceh+7ox5qe7LJuLHoY0feh3pHuUDHAcRUeyL2VYghZwfpkNIy/+8Ocg0a3UuSoYzavmylwuLWQOf3hl0jjMMIw==

eventemitter3@^4.0.4:
  version "4.0.7"
  resolved "https://registry.yarnpkg.com/eventemitter3/-/eventemitter3-4.0.7.tgz#2de9b68f6528d5644ef5c59526a1b4a07306169f"
  integrity sha512-8guHBZCwKnFhYdHr2ysuRWErTwhoN2X8XELRlrRwpmfeY2jjuUN4taQMsULKUVo1K4DvZl+0pgfyoysHxvmvEw==

flat@^5.0.2:
  version "5.0.2"
  resolved "https://registry.yarnpkg.com/flat/-/flat-5.0.2.tgz#8ca6fe332069ffa9d324c327198c598259ceb241"
  integrity sha512-b6suED+5/3rTpUBdG1gupIl8MPFCAMA0QXwmljLhvCUKcUvdE4gWky9zpuGCcXHOsz4J9wPGNWq6OKpmIzz3hQ==

handlebars@^4.7.9:
  version "4.7.9"
  resolved "https://registry.yarnpkg.com/handlebars/-/handlebars-4.7.9.tgz#6f139082ab58dc4e5a0e51efe7db5ae890d56a0f"
  integrity sha512-4E71E0rpOaQuJR2A3xDZ+GM1HyWYv1clR58tC8emQNeQe3RH7MAzSbat+V0wG78LQBo6m6bzSG/L4pBuCsgnUQ==
  dependencies:
    minimist "^1.2.5"
    neo-async "^2.6.2"
    source-map "^0.6.1"
    wordwrap "^1.0.0"
  optionalDependencies:
    uglify-js "^3.1.4"

js-tiktoken@^1.0.12:
  version "1.0.21"
  resolved "https://registry.yarnpkg.com/js-tiktoken/-/js-tiktoken-1.0.21.tgz#368a9957591a30a62997dd0c4cf30866f00f8221"
  integrity sha512-biOj/6M5qdgx5TKjDnFT1ymSpM5tbd3ylwDtrQvFQSu0Z7bBYko2dF+W/aUkXUPuk6IVpRxk/3Q2sHOzGlS36g==
  dependencies:
    base64-js "^1.5.1"

js-yaml@^4.1.1, js-yaml@^4.2.0:
  version "4.3.0"
  resolved "https://registry.yarnpkg.com/js-yaml/-/js-yaml-4.3.0.tgz#d1900572a7f7cf0b5f540c83673e60bad3436592"
  integrity sha512-1td788aAnnZ5qs7V2QIRl1owjtYpbKt749Y3xauqQgwIIGF/xXWz1wMTEBx5O3LK3lXLVuqXPdPxj2BoFHaW9Q==
  dependencies:
    argparse "^2.0.1"

jsonpointer@^5.0.1:
  version "5.0.1"
  resolved "https://registry.yarnpkg.com/jsonpointer/-/jsonpointer-5.0.1.tgz#2110e0af0900fd37467b5907ecd13a7884a1b559"
  integrity sha512-p/nXbhSEcu3pZRdkW1OfJhpsVtW1gd4Wa1fnQc9YLiTfAjn0312eMKimbdIQzuZl9aa9xUGaRlP9T/CJE/ditQ==

"langsmith@>=0.4.0 <1.0.0", "langsmith@>=0.5.0 <1.0.0":
  version "0.7.17"
  resolved "https://registry.yarnpkg.com/langsmith/-/langsmith-0.7.17.tgz#ca436cf124a9d5436cb943045586f7ed9e8efd8e"
  integrity sha512-FfmxKOVp+qBkdbOWTwXxU7qeX2H40RMsLW9Us+53/4rZYl/QzfUeeBe/rE98mfuSSnEz1tOOMjoPJIYoMt1wnw==
  dependencies:
    p-queue "6.6.2"

math-expression-evaluator@^2.0.0:
  version "2.0.7"
  resolved "https://registry.yarnpkg.com/math-expression-evaluator/-/math-expression-evaluator-2.0.7.tgz#dc99a80ce2bf7f9b7df878126feb5c506c1fdf5f"
  integrity sha512-uwliJZ6BPHRq4eiqNWxZBDzKUiS5RIynFFcgchqhBOloVLVBpZpNG8jRYkedLcBvhph8TnRyWEuxPqiQcwIdog==

minimist@^1.2.5:
  version "1.2.8"
  resolved "https://registry.yarnpkg.com/minimist/-/minimist-1.2.8.tgz#c1a464e7693302e082a075cee0c057741ac4772c"
  integrity sha512-2yyAR8qBkN3YuheJanUpWC5U3bb5osDywNB8RzDVlDwDHbocAJveqqj1u8+SVD7jkWT4yvsHCpWqqWqAxb0zCA==

mustache@^4.2.0:
  version "4.2.0"
  resolved "https://registry.yarnpkg.com/mustache/-/mustache-4.2.0.tgz#e5892324d60a12ec9c2a73359edca52972bf6f64"
  integrity sha512-71ippSywq5Yb7/tVYyGbkBggbU8H3u5Rz56fH60jGFgr8uHwxs+aSKeqmluIVzM0m0kB7xQjKS6qPfd0b2ZoqQ==

neo-async@^2.6.2:
  version "2.6.2"
  resolved "https://registry.yarnpkg.com/neo-async/-/neo-async-2.6.2.tgz#b4aafb93e3aeb2d8174ca53cf163ab7d7308305f"
  integrity sha512-Yd3UES5mWCSqR+qNT93S3UoYUkqAZ9lLg8a7g9rimsWmYGK8cVToA4/sF3RrshdyV3sAGMXVUmpMYOw+dLpOuw==

openai@^6.41.0:
  version "6.45.0"
  resolved "https://registry.yarnpkg.com/openai/-/openai-6.45.0.tgz#53840c5c5848884dfbff47006f839b27d1d955b9"
  integrity sha512-5DQVNErssk0afNpTTHUm/qZPU4iKR9OYdNid8Ib4puq4gHNNvGWZht2zY4h9a8JMF949Ik6m8gQutllVPbjdnw==

openapi-types@^12.1.3:
  version "12.1.3"
  resolved "https://registry.yarnpkg.com/openapi-types/-/openapi-types-12.1.3.tgz#471995eb26c4b97b7bd356aacf7b91b73e777dd3"
  integrity sha512-N4YtSYJqghVu4iek2ZUvcN/0aqH1kRDuNqzcycDxhOUpg7GdvLa2F3DgS6yBNhInhv2r/6I0Flkn7CqL8+nIcw==

p-finally@^1.0.0:
  version "1.0.0"
  resolved "https://registry.yarnpkg.com/p-finally/-/p-finally-1.0.0.tgz#3fbcfb15b899a44123b34b6dcc18b724336a2cae"
  integrity sha512-LICb2p9CB7FS+0eR1oqWnHhp0FljGLZCWBE9aix0Uye9W8LTQPwMTYVGWQWIw9RdQiDg4+epXQODwIYJtSJaow==

p-queue@6.6.2, p-queue@^6.6.2:
  version "6.6.2"
  resolved "https://registry.yarnpkg.com/p-queue/-/p-queue-6.6.2.tgz#2068a9dcf8e67dd0ec3e7a2bcb76810faa85e426"
  integrity sha512-RwFpb72c/BhQLEXIZ5K2e+AhgNVmIejGlTgiB9MzZ0e93GRvqZ7uSi0dvRF7/XIXDeNkra2fNHBxTyPDGySpjQ==
  dependencies:
    eventemitter3 "^4.0.4"
    p-timeout "^3.2.0"

p-timeout@^3.2.0:
  version "3.2.0"
  resolved "https://registry.yarnpkg.com/p-timeout/-/p-timeout-3.2.0.tgz#c7e17abc971d2a7962ef83626b35d635acf23dfe"
  integrity sha512-rhIwUycgwwKcP9yTOOFK/AKsAopjjCakVqLHePO3CC6Mir1Z99xT+R63jZxAT5lFZLa2inS5h+ZS2GvR99/FBg==
  dependencies:
    p-finally "^1.0.0"

source-map@^0.6.1:
  version "0.6.1"
  resolved "https://registry.yarnpkg.com/source-map/-/source-map-0.6.1.tgz#74722af32e9614e9c287a8d0bbde48b5e2f1a263"
  integrity sha512-UjgapumWlbMhkBgzT7Ykc5YXUT46F0iKu8SGXq0bcwP5dz/h0Plj6enJqjz1Zbq2l5WaqYnrVbwWOWMyF3F47g==

uglify-js@^3.1.4:
  version "3.19.3"
  resolved "https://registry.yarnpkg.com/uglify-js/-/uglify-js-3.19.3.tgz#82315e9bbc6f2b25888858acd1fff8441035b77f"
  integrity sha512-v3Xu+yuwBXisp6QYTcH4UbH+xYJXqnq2m/LtQVWKWzYc1iehYnLixoQDN9FH6/j9/oybfd6W9Ghwkl8+UMKTKQ==

uuid@^14.0.0:
  version "14.0.1"
  resolved "https://registry.yarnpkg.com/uuid/-/uuid-14.0.1.tgz#8a5975b3e038902bfd169a10b5202f5ec0cf3faf"
  integrity sha512-6ZxzVpzDXDa3bJWaHilVayA+BH/1zmxCJoVgvmqJnid/gPoKHxUrS/aC/T6LGQtNHT+XHG9fXPJB4d+IrU30Ew==

wordwrap@^1.0.0:
  version "1.0.0"
  resolved "https://registry.yarnpkg.com/wordwrap/-/wordwrap-1.0.0.tgz#27584810891456a4171c8d0226441ade90cbcaeb"
  integrity sha512-gvVzJFlPycKc5dZN4yPkP8w7Dc37BtP1yczEneOb4uq34pXZcvrtRTmWV8W+Ume+XCxKgbjM+nevkyFPMybd4Q==

yaml@^2.9.0:
  version "2.9.0"
  resolved "https://registry.yarnpkg.com/yaml/-/yaml-2.9.0.tgz#78274afd93598a1dfdd6130df6a566defcbf9aa4"
  integrity sha512-2AvhNX3mb8zd6Zy7INTtSpl1F15HW6Wnqj0srWlkKLcpYl/gMIMJiyuGq2KeI2YFxUPjdlB+3Lc10seMLtL4cA==

"zod@^3.25.76 || ^4":
  version "4.4.3"
  resolved "https://registry.yarnpkg.com/zod/-/zod-4.4.3.tgz#b680f172885d18bbebf21a834ea25e55a1bbf356"
  integrity sha512-ytENFjIJFl2UwYglde2jchW2Hwm4GJFLDiSXWdTrJQBIN9Fcyp7n4DhxJEiWNAJMV1/BqWfW/kkg71UDcHJyTQ==
